{
  "name": "contact-page",
  "version": "1.0.0",
  "lockfileVersion": 1,
  "requires": true,
  "dependencies": {
    "semantic-styles": {
      "version": "0.0.31",
      "resolved": "https://registry.npmjs.org/semantic-styles/-/semantic-styles-0.0.31.tgz",
      "integrity": "sha512-AAPUWg/3nYrYA06JBCJyUU7JTuk9AI6QmgKrLPG2Zjp+iJRxyAF7E3uxSVJ7n45JK7cGy0Gtjpeuv0EfZZmong=="
    }
  }
}
