{
  "name": "contact-page",
  "version": "1.0.0",
  "lockfileVersion": 2,
  "requires": true,
  "packages": {
    "": {
      "name": "contact-page",
      "version": "1.0.0",
      "license": "ISC",
      "dependencies": {
        "@t_g/default-ui": "^0.28.5"
      }
    },
    "node_modules/@t_g/default-ui": {
      "version": "0.28.5",
      "resolved": "https://registry.npmjs.org/@t_g/default-ui/-/default-ui-0.28.5.tgz",
      "integrity": "sha512-T5A2C5yT8CgdxI8r7tKd68sz+leKg9Qy9N2EQ/+R1L+loUTvO7QaxhLhq6Jsl/oLvgPFG9116gcMIGG4NsA/tA=="
    }
  },
  "dependencies": {
    "@t_g/default-ui": {
      "version": "0.28.5",
      "resolved": "https://registry.npmjs.org/@t_g/default-ui/-/default-ui-0.28.5.tgz",
      "integrity": "sha512-T5A2C5yT8CgdxI8r7tKd68sz+leKg9Qy9N2EQ/+R1L+loUTvO7QaxhLhq6Jsl/oLvgPFG9116gcMIGG4NsA/tA=="
    }
  }
}
